# This file is automatically @generated by Cargo.
# It is not intended for manual editing.
version = 3

[[package]]
name = "adler32"
version = "1.0.3"
source = "registry+https://github.com/rust-lang/crates.io-index"
checksum = "7e522997b529f05601e05166c07ed17789691f562762c7f3b987263d2dedee5c"

[[package]]
name = "ansi_term"
version = "0.11.0"
source = "registry+https://github.com/rust-lang/crates.io-index"
checksum = "ee49baf6cb617b853aa8d93bf420db2383fab46d314482ca2803b40d5fde979b"
dependencies = [
 "winapi",
]

[[package]]
name = "approx"
version = "0.3.2"
source = "registry+https://github.com/rust-lang/crates.io-index"
checksum = "f0e60b75072ecd4168020818c0107f2857bb6c4e64252d8d3983f6263b40a5c3"
dependencies = [
 "num-traits",
]

[[package]]
name = "arrayvec"
version = "0.4.10"
source = "registry+https://github.com/rust-lang/crates.io-index"
checksum = "92c7fb76bc8826a8b33b4ee5bb07a247a81e76764ab4d55e8f73e3a4d8808c71"
dependencies = [
 "nodrop",
]

[[package]]
name = "atty"
version = "0.2.11"
source = "registry+https://github.com/rust-lang/crates.io-index"
checksum = "9a7d5b8723950951411ee34d271d99dddcc2035a16ab25310ea2c8cfd4369652"
dependencies = [
 "libc",
 "termion",
 "winapi",
]

[[package]]
name = "autocfg"
version = "0.1.1"
source = "registry+https://github.com/rust-lang/crates.io-index"
checksum = "4e5f34df7a019573fb8bdc7e24a2bfebe51a2a1d6bfdbaeccedb3c41fc574727"

[[package]]
name = "bitflags"
version = "1.0.4"
source = "registry+https://github.com/rust-lang/crates.io-index"
checksum = "228047a76f468627ca71776ecdebd732a3423081fcf5125585bcd7c49886ce12"

[[package]]
name = "byteorder"
version = "1.2.7"
source = "registry+https://github.com/rust-lang/crates.io-index"
checksum = "94f88df23a25417badc922ab0f5716cc1330e87f71ddd9203b3a3ccd9cedf75d"

[[package]]
name = "c2-chacha"
version = "0.2.2"
source = "registry+https://github.com/rust-lang/crates.io-index"
checksum = "7d64d04786e0f528460fc884753cf8dddcc466be308f6026f8e355c41a0e4101"
dependencies = [
 "lazy_static",
 "ppv-lite86",
]

[[package]]
name = "cfg-if"
version = "0.1.6"
source = "registry+https://github.com/rust-lang/crates.io-index"
checksum = "082bb9b28e00d3c9d39cc03e64ce4cea0f1bb9b3fde493f0cbc008472d22bdf4"

[[package]]
name = "cgmath"
version = "0.17.0"
source = "registry+https://github.com/rust-lang/crates.io-index"
checksum = "283944cdecc44bf0b8dd010ec9af888d3b4f142844fdbe026c20ef68148d6fe7"
dependencies = [
 "approx",
 "num-traits",
 "rand 0.6.3",
]

[[package]]
name = "clap"
version = "2.33.0"
source = "registry+https://github.com/rust-lang/crates.io-index"
checksum = "5067f5bb2d80ef5d68b4c87db81601f0b75bca627bc2ef76b141d7b846a3c6d9"
dependencies = [
 "ansi_term",
 "atty",
 "bitflags",
 "strsim",
 "textwrap",
 "unicode-width",
 "vec_map",
]

[[package]]
name = "cloudabi"
version = "0.0.3"
source = "registry+https://github.com/rust-lang/crates.io-index"
checksum = "ddfc5b9aa5d4507acaf872de71051dfd0e309860e88966e1051e462a077aac4f"
dependencies = [
 "bitflags",
]

[[package]]
name = "color_quant"
version = "1.0.1"
source = "registry+https://github.com/rust-lang/crates.io-index"
checksum = "0dbbb57365263e881e805dc77d94697c9118fd94d8da011240555aa7b23445bd"

[[package]]
name = "crc32fast"
version = "1.2.0"
source = "registry+https://github.com/rust-lang/crates.io-index"
checksum = "ba125de2af0df55319f41944744ad91c71113bf74a4646efff39afe1f6842db1"
dependencies = [
 "cfg-if",
]

[[package]]
name = "crossbeam-deque"
version = "0.2.0"
source = "registry+https://github.com/rust-lang/crates.io-index"
checksum = "f739f8c5363aca78cfb059edf753d8f0d36908c348f3d8d1503f03d8b75d9cf3"
dependencies = [
 "crossbeam-epoch",
 "crossbeam-utils",
]

[[package]]
name = "crossbeam-epoch"
version = "0.3.1"
source = "registry+https://github.com/rust-lang/crates.io-index"
checksum = "927121f5407de9956180ff5e936fe3cf4324279280001cd56b669d28ee7e9150"
dependencies = [
 "arrayvec",
 "cfg-if",
 "crossbeam-utils",
 "lazy_static",
 "memoffset",
 "nodrop",
 "scopeguard",
]

[[package]]
name = "crossbeam-utils"
version = "0.2.2"
source = "registry+https://github.com/rust-lang/crates.io-index"
checksum = "2760899e32a1d58d5abb31129f8fae5de75220bc2176e77ff7c627ae45c918d9"
dependencies = [
 "cfg-if",
]

[[package]]
name = "deflate"
version = "0.7.19"
source = "registry+https://github.com/rust-lang/crates.io-index"
checksum = "8a6abb26e16e8d419b5c78662aa9f82857c2386a073da266840e474d5055ec86"
dependencies = [
 "adler32",
 "byteorder",
]

[[package]]
name = "either"
version = "1.5.0"
source = "registry+https://github.com/rust-lang/crates.io-index"
checksum = "3be565ca5c557d7f59e7cfcf1844f9e3033650c929c6566f511e8005f205c1d0"

[[package]]
name = "fuchsia-zircon"
version = "0.3.3"
source = "registry+https://github.com/rust-lang/crates.io-index"
checksum = "2e9763c69ebaae630ba35f74888db465e49e259ba1bc0eda7d06f4a067615d82"
dependencies = [
 "bitflags",
 "fuchsia-zircon-sys",
]

[[package]]
name = "fuchsia-zircon-sys"
version = "0.3.3"
source = "registry+https://github.com/rust-lang/crates.io-index"
checksum = "3dcaa9ae7725d12cdb85b3ad99a434db70b468c09ded17e012d86b5c1010f7a7"

[[package]]
name = "getrandom"
version = "0.1.12"
source = "registry+https://github.com/rust-lang/crates.io-index"
checksum = "473a1265acc8ff1e808cd0a1af8cee3c2ee5200916058a2ca113c29f2d903571"
dependencies = [
 "cfg-if",
 "libc",
 "wasi",
]

[[package]]
name = "gif"
version = "0.10.1"
source = "registry+https://github.com/rust-lang/crates.io-index"
checksum = "dd4bca55ac1f213920ce3527ccd62386f1f15fa3f1714aeee1cf93f2c416903f"
dependencies = [
 "color_quant",
 "lzw",
]

[[package]]
name = "image"
version = "0.22.3"
source = "registry+https://github.com/rust-lang/crates.io-index"
checksum = "7b4be8aaefbe7545dc42ae925afb55a0098f226a3fe5ef721872806f44f57826"
dependencies = [
 "byteorder",
 "gif",
 "jpeg-decoder",
 "num-iter",
 "num-rational",
 "num-traits",
 "png",
 "scoped_threadpool",
 "tiff",
]

[[package]]
name = "inflate"
version = "0.4.4"
source = "registry+https://github.com/rust-lang/crates.io-index"
checksum = "84c683bde2d8413b8f1be3e459c30e4817672b6e7a31d9212b0323154e76eba7"
dependencies = [
 "adler32",
]

[[package]]
name = "jpeg-decoder"
version = "0.1.15"
source = "registry+https://github.com/rust-lang/crates.io-index"
checksum = "c8b7d43206b34b3f94ea9445174bda196e772049b9bddbc620c9d29b2d20110d"
dependencies = [
 "byteorder",
 "rayon",
]

[[package]]
name = "lazy_static"
version = "1.2.0"
source = "registry+https://github.com/rust-lang/crates.io-index"
checksum = "a374c89b9db55895453a74c1e38861d9deec0b01b405a82516e9d5de4820dea1"

[[package]]
name = "libc"
version = "0.2.62"
source = "registry+https://github.com/rust-lang/crates.io-index"
checksum = "34fcd2c08d2f832f376f4173a231990fa5aef4e99fb569867318a227ef4c06ba"

[[package]]
name = "lzw"
version = "0.10.0"
source = "registry+https://github.com/rust-lang/crates.io-index"
checksum = "7d947cbb889ed21c2a84be6ffbaebf5b4e0f4340638cba0444907e38b56be084"

[[package]]
name = "memoffset"
version = "0.2.1"
source = "registry+https://github.com/rust-lang/crates.io-index"
checksum = "0f9dc261e2b62d7a622bf416ea3c5245cdd5d9a7fcc428c0d06804dfce1775b3"

[[package]]
name = "nodrop"
version = "0.1.13"
source = "registry+https://github.com/rust-lang/crates.io-index"
checksum = "2f9667ddcc6cc8a43afc9b7917599d7216aa09c463919ea32c59ed6cac8bc945"

[[package]]
name = "num-derive"
version = "0.2.3"
source = "registry+https://github.com/rust-lang/crates.io-index"
checksum = "8af1847c907c2f04d7bfd572fb25bbb4385c637fe5be163cf2f8c5d778fe1e7d"
dependencies = [
 "num-traits",
 "proc-macro2",
 "quote",
 "syn",
]

[[package]]
name = "num-integer"
version = "0.1.39"
source = "registry+https://github.com/rust-lang/crates.io-index"
checksum = "e83d528d2677f0518c570baf2b7abdcf0cd2d248860b68507bdcb3e91d4c0cea"
dependencies = [
 "num-traits",
]

[[package]]
name = "num-iter"
version = "0.1.37"
source = "registry+https://github.com/rust-lang/crates.io-index"
checksum = "af3fdbbc3291a5464dc57b03860ec37ca6bf915ed6ee385e7c6c052c422b2124"
dependencies = [
 "num-integer",
 "num-traits",
]

[[package]]
name = "num-rational"
version = "0.2.1"
source = "registry+https://github.com/rust-lang/crates.io-index"
checksum = "4e96f040177bb3da242b5b1ecf3f54b5d5af3efbbfb18608977a5d2767b22f10"
dependencies = [
 "num-integer",
 "num-traits",
]

[[package]]
name = "num-traits"
version = "0.2.6"
source = "registry+https://github.com/rust-lang/crates.io-index"
checksum = "0b3a5d7cc97d6d30d8b9bc8fa19bf45349ffe46241e8816f50f62f6d6aaabee1"

[[package]]
name = "num_cpus"
version = "1.9.0"
source = "registry+https://github.com/rust-lang/crates.io-index"
checksum = "5a69d464bdc213aaaff628444e99578ede64e9c854025aa43b9796530afa9238"
dependencies = [
 "libc",
]

[[package]]
name = "pbr"
version = "1.0.2"
source = "registry+https://github.com/rust-lang/crates.io-index"
checksum = "4403eb718d70c03ee279e51737782902c68cca01e870a33b6a2f9dfb50b9cd83"
dependencies = [
 "libc",
 "termion",
 "time",
 "winapi",
]

[[package]]
name = "png"
version = "0.15.0"
source = "registry+https://github.com/rust-lang/crates.io-index"
checksum = "8422b27bb2c013dd97b9aef69e161ce262236f49aaf46a0489011c8ff0264602"
dependencies = [
 "bitflags",
 "crc32fast",
 "deflate",
 "inflate",
]

[[package]]
name = "ppv-lite86"
version = "0.2.5"
source = "registry+https://github.com/rust-lang/crates.io-index"
checksum = "e3cbf9f658cdb5000fcf6f362b8ea2ba154b9f146a61c7a20d647034c6b6561b"

[[package]]
name = "proc-macro2"
version = "0.4.24"
source = "registry+https://github.com/rust-lang/crates.io-index"
checksum = "77619697826f31a02ae974457af0b29b723e5619e113e9397b8b82c6bd253f09"
dependencies = [
 "unicode-xid",
]

[[package]]
name = "quote"
version = "0.6.10"
source = "registry+https://github.com/rust-lang/crates.io-index"
checksum = "53fa22a1994bd0f9372d7a816207d8a2677ad0325b073f5c5332760f0fb62b5c"
dependencies = [
 "proc-macro2",
]

[[package]]
name = "rand"
version = "0.6.3"
source = "registry+https://github.com/rust-lang/crates.io-index"
checksum = "b65e163105a6284f841bd23100a015895f54340e88a5ffc9ca7b8b33827cfce0"
dependencies = [
 "autocfg",
 "libc",
 "rand_chacha 0.1.1",
 "rand_core 0.3.1",
 "rand_hc 0.1.0",
 "rand_isaac",
 "rand_os",
 "rand_pcg",
 "rand_xorshift",
 "winapi",
]

[[package]]
name = "rand"
version = "0.7.2"
source = "registry+https://github.com/rust-lang/crates.io-index"
checksum = "3ae1b169243eaf61759b8475a998f0a385e42042370f3a7dbaf35246eacc8412"
dependencies = [
 "getrandom",
 "libc",
 "rand_chacha 0.2.1",
 "rand_core 0.5.1",
 "rand_hc 0.2.0",
]

[[package]]
name = "rand_chacha"
version = "0.1.1"
source = "registry+https://github.com/rust-lang/crates.io-index"
checksum = "556d3a1ca6600bfcbab7c7c91ccb085ac7fbbcd70e008a98742e7847f4f7bcef"
dependencies = [
 "autocfg",
 "rand_core 0.3.1",
]

[[package]]
name = "rand_chacha"
version = "0.2.1"
source = "registry+https://github.com/rust-lang/crates.io-index"
checksum = "03a2a90da8c7523f554344f921aa97283eadf6ac484a6d2a7d0212fa7f8d6853"
dependencies = [
 "c2-chacha",
 "rand_core 0.5.1",
]

[[package]]
name = "rand_core"
version = "0.3.1"
source = "registry+https://github.com/rust-lang/crates.io-index"
checksum = "7a6fdeb83b075e8266dcc8762c22776f6877a63111121f5f8c7411e5be7eed4b"
dependencies = [
 "rand_core 0.4.2",
]

[[package]]
name = "rand_core"
version = "0.4.2"
source = "registry+https://github.com/rust-lang/crates.io-index"
checksum = "9c33a3c44ca05fa6f1807d8e6743f3824e8509beca625669633be0acbdf509dc"

[[package]]
name = "rand_core"
version = "0.5.1"
source = "registry+https://github.com/rust-lang/crates.io-index"
checksum = "90bde5296fc891b0cef12a6d03ddccc162ce7b2aff54160af9338f8d40df6d19"
dependencies = [
 "getrandom",
]

[[package]]
name = "rand_hc"
version = "0.1.0"
source = "registry+https://github.com/rust-lang/crates.io-index"
checksum = "7b40677c7be09ae76218dc623efbf7b18e34bced3f38883af07bb75630a21bc4"
dependencies = [
 "rand_core 0.3.1",
]

[[package]]
name = "rand_hc"
version = "0.2.0"
source = "registry+https://github.com/rust-lang/crates.io-index"
checksum = "ca3129af7b92a17112d59ad498c6f81eaf463253766b90396d39ea7a39d6613c"
dependencies = [
 "rand_core 0.5.1",
]

[[package]]
name = "rand_isaac"
version = "0.1.1"
source = "registry+https://github.com/rust-lang/crates.io-index"
checksum = "ded997c9d5f13925be2a6fd7e66bf1872597f759fd9dd93513dd7e92e5a5ee08"
dependencies = [
 "rand_core 0.3.1",
]

[[package]]
name = "rand_os"
version = "0.1.0"
source = "registry+https://github.com/rust-lang/crates.io-index"
checksum = "de5ac4de1c2973e1391dc305cb0fbf8788cb58068e98255439b7485a77022273"
dependencies = [
 "cloudabi",
 "fuchsia-zircon",
 "libc",
 "rand_core 0.3.1",
 "winapi",
]

[[package]]
name = "rand_pcg"
version = "0.1.1"
source = "registry+https://github.com/rust-lang/crates.io-index"
checksum = "086bd09a33c7044e56bb44d5bdde5a60e7f119a9e95b0775f545de759a32fe05"
dependencies = [
 "rand_core 0.3.1",
 "rustc_version",
]

[[package]]
name = "rand_xorshift"
version = "0.1.1"
source = "registry+https://github.com/rust-lang/crates.io-index"
checksum = "cbf7e9e623549b0e21f6e97cf8ecf247c1a8fd2e8a992ae265314300b2455d5c"
dependencies = [
 "rand_core 0.3.1",
]

[[package]]
name = "rayon"
version = "1.0.3"
source = "registry+https://github.com/rust-lang/crates.io-index"
checksum = "373814f27745b2686b350dd261bfd24576a6fb0e2c5919b3a2b6005f820b0473"
dependencies = [
 "crossbeam-deque",
 "either",
 "rayon-core",
]

[[package]]
name = "rayon-core"
version = "1.4.1"
source = "registry+https://github.com/rust-lang/crates.io-index"
checksum = "b055d1e92aba6877574d8fe604a63c8b5df60f60e5982bf7ccbb1338ea527356"
dependencies = [
 "crossbeam-deque",
 "lazy_static",
 "libc",
 "num_cpus",
]

[[package]]
name = "redox_syscall"
version = "0.1.50"
source = "registry+https://github.com/rust-lang/crates.io-index"
checksum = "52ee9a534dc1301776eff45b4fa92d2c39b1d8c3d3357e6eb593e0d795506fc2"

[[package]]
name = "redox_termios"
version = "0.1.1"
source = "registry+https://github.com/rust-lang/crates.io-index"
checksum = "7e891cfe48e9100a70a3b6eb652fef28920c117d366339687bd5576160db0f76"
dependencies = [
 "redox_syscall",
]

[[package]]
name = "rtnw-rs"
version = "0.1.1"
dependencies = [
 "cgmath",
 "clap",
 "image",
 "pbr",
 "rand 0.7.2",
]

[[package]]
name = "rustc_version"
version = "0.2.3"
source = "registry+https://github.com/rust-lang/crates.io-index"
checksum = "138e3e0acb6c9fb258b19b67cb8abd63c00679d2851805ea151465464fe9030a"
dependencies = [
 "semver",
]

[[package]]
name = "scoped_threadpool"
version = "0.1.9"
source = "registry+https://github.com/rust-lang/crates.io-index"
checksum = "1d51f5df5af43ab3f1360b429fa5e0152ac5ce8c0bd6485cae490332e96846a8"

[[package]]
name = "scopeguard"
version = "0.3.3"
source = "registry+https://github.com/rust-lang/crates.io-index"
checksum = "94258f53601af11e6a49f722422f6e3425c52b06245a5cf9bc09908b174f5e27"

[[package]]
name = "semver"
version = "0.9.0"
source = "registry+https://github.com/rust-lang/crates.io-index"
checksum = "1d7eb9ef2c18661902cc47e535f9bc51b78acd254da71d375c2f6720d9a40403"
dependencies = [
 "semver-parser",
]

[[package]]
name = "semver-parser"
version = "0.7.0"
source = "registry+https://github.com/rust-lang/crates.io-index"
checksum = "388a1df253eca08550bef6c72392cfe7c30914bf41df5269b68cbd6ff8f570a3"

[[package]]
name = "strsim"
version = "0.8.0"
source = "registry+https://github.com/rust-lang/crates.io-index"
checksum = "8ea5119cdb4c55b55d432abb513a0429384878c15dde60cc77b1c99de1a95a6a"

[[package]]
name = "syn"
version = "0.15.23"
source = "registry+https://github.com/rust-lang/crates.io-index"
checksum = "9545a6a093a3f0bd59adb472700acc08cad3776f860f16a897dfce8c88721cbc"
dependencies = [
 "proc-macro2",
 "quote",
 "unicode-xid",
]

[[package]]
name = "termion"
version = "1.5.1"
source = "registry+https://github.com/rust-lang/crates.io-index"
checksum = "689a3bdfaab439fd92bc87df5c4c78417d3cbe537487274e9b0b2dce76e92096"
dependencies = [
 "libc",
 "redox_syscall",
 "redox_termios",
]

[[package]]
name = "textwrap"
version = "0.11.0"
source = "registry+https://github.com/rust-lang/crates.io-index"
checksum = "d326610f408c7a4eb6f51c37c330e496b08506c9457c9d34287ecc38809fb060"
dependencies = [
 "unicode-width",
]

[[package]]
name = "tiff"
version = "0.3.1"
source = "registry+https://github.com/rust-lang/crates.io-index"
checksum = "d7b7c2cfc4742bd8a32f2e614339dd8ce30dbcf676bb262bd63a2327bc5df57d"
dependencies = [
 "byteorder",
 "lzw",
 "num-derive",
 "num-traits",
]

[[package]]
name = "time"
version = "0.1.41"
source = "registry+https://github.com/rust-lang/crates.io-index"
checksum = "847da467bf0db05882a9e2375934a8a55cffdc9db0d128af1518200260ba1f6c"
dependencies = [
 "libc",
 "redox_syscall",
 "winapi",
]

[[package]]
name = "unicode-width"
version = "0.1.5"
source = "registry+https://github.com/rust-lang/crates.io-index"
checksum = "882386231c45df4700b275c7ff55b6f3698780a650026380e72dabe76fa46526"

[[package]]
name = "unicode-xid"
version = "0.1.0"
source = "registry+https://github.com/rust-lang/crates.io-index"
checksum = "fc72304796d0818e357ead4e000d19c9c174ab23dc11093ac919054d20a6a7fc"

[[package]]
name = "vec_map"
version = "0.8.1"
source = "registry+https://github.com/rust-lang/crates.io-index"
checksum = "05c78687fb1a80548ae3250346c3db86a80a7cdd77bda190189f2d0a0987c81a"

[[package]]
name = "wasi"
version = "0.7.0"
source = "registry+https://github.com/rust-lang/crates.io-index"
checksum = "b89c3ce4ce14bdc6fb6beaf9ec7928ca331de5df7e5ea278375642a2f478570d"

[[package]]
name = "winapi"
version = "0.3.6"
source = "registry+https://github.com/rust-lang/crates.io-index"
checksum = "92c1eb33641e276cfa214a0522acad57be5c56b10cb348b3c5117db75f3ac4b0"
dependencies = [
 "winapi-i686-pc-windows-gnu",
 "winapi-x86_64-pc-windows-gnu",
]

[[package]]
name = "winapi-i686-pc-windows-gnu"
version = "0.4.0"
source = "registry+https://github.com/rust-lang/crates.io-index"
checksum = "ac3b87c63620426dd9b991e5ce0329eff545bccbbb34f3be09ff6fb6ab51b7b6"

[[package]]
name = "winapi-x86_64-pc-windows-gnu"
version = "0.4.0"
source = "registry+https://github.com/rust-lang/crates.io-index"
checksum = "712e227841d057c1ee1cd2fb22fa7e5a5461ae8e48fa2ca79ec42cfc1931183f"
